
Microsoft Visual Studio Solution File, Format Version 12.00
# Visual Studio 15
VisualStudioVersion = 15.0.28010.2026
MinimumVisualStudioVersion = 10.0.40219.1
Project("{FAE04EC0-301F-11D3-BF4B-00C04F79EFBC}") = "TranslationWPF", "TranslationWPF\TranslationWPF.csproj", "{2474A175-9B63-417D-9D83-864265EDCDED}"
EndProject
Project("{FAE04EC0-301F-11D3-BF4B-00C04F79EFBC}") = "TranslationUnitTest", "TrabslationUnitTest\TranslationUnitTest.csproj", "{F59D5918-A37B-4DC9-9F37-B696E2FE0AE1}"
EndProject
Global
	GlobalSection(SolutionConfigurationPlatforms) = preSolution
		Debug|Any CPU = Debug|Any CPU
		Release|Any CPU = Release|Any CPU
	EndGlobalSection
	GlobalSection(ProjectConfigurationPlatforms) = postSolution
		{2474A175-9B63-417D-9D83-864265EDCDED}.Debug|Any CPU.ActiveCfg = Debug|Any CPU
		{2474A175-9B63-417D-9D83-864265EDCDED}.Debug|Any CPU.Build.0 = Debug|Any CPU
		{2474A175-9B63-417D-9D83-864265EDCDED}.Release|Any CPU.ActiveCfg = Release|Any CPU
		{2474A175-9B63-417D-9D83-864265EDCDED}.Release|Any CPU.Build.0 = Release|Any CPU
		{F59D5918-A37B-4DC9-9F37-B696E2FE0AE1}.Debug|Any CPU.ActiveCfg = Debug|Any CPU
		{F59D5918-A37B-4DC9-9F37-B696E2FE0AE1}.Debug|Any CPU.Build.0 = Debug|Any CPU
		{F59D5918-A37B-4DC9-9F37-B696E2FE0AE1}.Release|Any CPU.ActiveCfg = Release|Any CPU
		{F59D5918-A37B-4DC9-9F37-B696E2FE0AE1}.Release|Any CPU.Build.0 = Release|Any CPU
	EndGlobalSection
	GlobalSection(SolutionProperties) = preSolution
		HideSolutionNode = FALSE
	EndGlobalSection
	GlobalSection(ExtensibilityGlobals) = postSolution
		SolutionGuid = {A4400066-EF70-41E6-A265-53A0BDC96B51}
	EndGlobalSection
EndGlobal
